
Microsoft Visual Studio Solution File, Format Version 12.00
# Visual Studio 15
VisualStudioVersion = 15.0.27703.2026
MinimumVisualStudioVersion = 10.0.40219.1
Project("{2150E333-8FDC-42A3-9474-1A3956D46DE8}") = "Services", "Services", "{20CC1ECC-A4D9-4B65-9DFF-0E6B192B37B2}"
EndProject
Project("{2150E333-8FDC-42A3-9474-1A3956D46DE8}") = "Ordering", "Ordering", "{EBF137FD-0002-4997-AB86-2EF4A7DABE5B}"
EndProject
Project("{9A19103F-16F7-4668-BE54-9A1E7A4F7556}") = "Ordering.API", "Services\Ordering\Ordering.API\Ordering.API.csproj", "{102780D5-A16E-4588-B502-4128DA90C4EE}"
EndProject
Project("{9A19103F-16F7-4668-BE54-9A1E7A4F7556}") = "Ordering.Domain", "Services\Ordering\Ordering.Domain\Ordering.Domain.csproj", "{A1C4C932-B264-4F93-A379-380D46EF0693}"
EndProject
Project("{9A19103F-16F7-4668-BE54-9A1E7A4F7556}") = "Ordering.Infrastructure", "Services\Ordering\Ordering.Infrastructure\Ordering.Infrastructure.csproj", "{49B66E22-DD4C-4366-9209-D114E87D360C}"
EndProject
Project("{2150E333-8FDC-42A3-9474-1A3956D46DE8}") = "Provider", "Provider", "{FDF652C9-5CCB-40EF-81D7-283B04B71C90}"
EndProject
Project("{9A19103F-16F7-4668-BE54-9A1E7A4F7556}") = "Provider.Domain", "Services\Provider\Provider.Domain\Provider.Domain\Provider.Domain.csproj", "{DE7F235E-83F8-46FB-AA99-C97A98A13A97}"
EndProject
Project("{2150E333-8FDC-42A3-9474-1A3956D46DE8}") = "Common", "Common", "{91E0ABB7-C267-458C-8423-E565E37543E0}"
EndProject
Project("{2150E333-8FDC-42A3-9474-1A3956D46DE8}") = "Domain", "Domain", "{DB1C2627-2CC2-4AE7-B551-4671326C60CA}"
EndProject
Project("{2150E333-8FDC-42A3-9474-1A3956D46DE8}") = "DDD", "DDD", "{DA44BF29-CD21-41AC-A070-F7E8230F6FBC}"
EndProject
Project("{9A19103F-16F7-4668-BE54-9A1E7A4F7556}") = "Mervi.SeedWork", "Common\DDD\Domain\Mervi.SeedWork\Mervi.SeedWork.csproj", "{66F3092D-B638-4768-BCA8-EDD4637112D5}"
EndProject
Project("{9A19103F-16F7-4668-BE54-9A1E7A4F7556}") = "EventBus", "Common\EventBus\EventBus\EventBus.csproj", "{20C42947-397B-44CE-87D9-ABACE30C53B6}"
EndProject
Project("{2150E333-8FDC-42A3-9474-1A3956D46DE8}") = "EventBus", "EventBus", "{B78D3DE8-C1CC-48D7-9D09-CFF0314B5F97}"
EndProject
Project("{9A19103F-16F7-4668-BE54-9A1E7A4F7556}") = "EventBusRabbitMQ", "Common\EventBus\RabbitMQ\EventBusRabbitMQ.csproj", "{1338ACF6-88A2-491A-A371-D67E3B22D70B}"
EndProject
Project("{9A19103F-16F7-4668-BE54-9A1E7A4F7556}") = "Provider.API", "Services\Provider\Provider.API\Provider.API.csproj", "{EE2C6F24-A70C-4556-A770-3A860E3F70A0}"
EndProject
Project("{2150E333-8FDC-42A3-9474-1A3956D46DE8}") = "Basket", "Basket", "{CBCEBD32-3410-4D02-9071-82B96347FF7B}"
EndProject
Project("{E53339B2-1760-4266-BCC7-CA923CBCF16C}") = "docker-compose", "docker-compose.dcproj", "{2924AE3C-A8BA-4F37-8870-4205E7C4C3CA}"
EndProject
Project("{9A19103F-16F7-4668-BE54-9A1E7A4F7556}") = "Basket.API", "Services\Basket\Basket.API\Basket.API.csproj", "{4319D592-82B6-41F1-B63B-97E13819F667}"
EndProject
Project("{9A19103F-16F7-4668-BE54-9A1E7A4F7556}") = "Basket.BL", "Services\Basket\Basket.BL\Basket.BL.csproj", "{0F3899F7-C977-4870-B951-8A0E46CAD71C}"
EndProject
Project("{9A19103F-16F7-4668-BE54-9A1E7A4F7556}") = "Basket.Domain", "Services\Basket\Basket.Domain\Basket.Domain.csproj", "{56DFCBCC-8AAF-4E31-9055-9F05A9F98FD8}"
EndProject
Project("{9A19103F-16F7-4668-BE54-9A1E7A4F7556}") = "Basket.DTOs", "Services\Basket\Basket.DTOs\Basket.DTOs.csproj", "{6E63B564-D08D-4F92-AF85-B202F6E486B0}"
EndProject
Project("{9A19103F-16F7-4668-BE54-9A1E7A4F7556}") = "Basket.Infrastructure", "Services\Basket\Basket.Infrastructure\Basket.Infrastructure.csproj", "{A02F3EA4-AF58-4361-B46B-F71CCC0B6445}"
EndProject
Project("{2150E333-8FDC-42A3-9474-1A3956D46DE8}") = "Tests", "Tests", "{CBF88BEB-55FE-48E5-BB1D-8781D3782F9B}"
EndProject
Project("{2150E333-8FDC-42A3-9474-1A3956D46DE8}") = "Services", "Services", "{F1B99893-0F85-4100-8AAF-C1EE8137A368}"
EndProject
Project("{2150E333-8FDC-42A3-9474-1A3956D46DE8}") = "Basket", "Basket", "{CE3269FB-8469-4995-85FB-4A5C491D5388}"
EndProject
Project("{9A19103F-16F7-4668-BE54-9A1E7A4F7556}") = "Basket.BL.Tests", "Tests\Services\Basket\Basket.BL.Tests\Basket.BL.Tests.csproj", "{A7971D25-5A60-4BF6-9E32-FAD7782E68B1}"
EndProject
Project("{9A19103F-16F7-4668-BE54-9A1E7A4F7556}") = "Factory", "Tests\Services\Basket\Factory\Factory.csproj", "{336A5013-0861-4C2B-8ECF-C1C074E3A5F5}"
EndProject
Project("{2150E333-8FDC-42A3-9474-1A3956D46DE8}") = "Identity", "Identity", "{3C226AB0-9817-42D0-AEC5-D34704428E40}"
EndProject
Project("{9A19103F-16F7-4668-BE54-9A1E7A4F7556}") = "Identity.API", "Services\Identity\Identity.API\Identity.API.csproj", "{1DE4ADB5-FF10-4C5D-8D5D-7406D8A69DE9}"
EndProject
Project("{9A19103F-16F7-4668-BE54-9A1E7A4F7556}") = "Identity.Infrastructure", "Services\Identity\Identity.Infrastructure\Identity.Infrastructure.csproj", "{900FFA7C-5763-4B25-A9B2-2F75AC7966CA}"
EndProject
Project("{9A19103F-16F7-4668-BE54-9A1E7A4F7556}") = "Identity.Domain", "Services\Identity\Identity.Domain\Identity.Domain.csproj", "{E268379F-A477-4560-A159-37459704E046}"
EndProject
Project("{9A19103F-16F7-4668-BE54-9A1E7A4F7556}") = "Identity.DTOs", "Services\Identity\Identity.DTOs\Identity.DTOs.csproj", "{9BEE686F-7862-43BC-AD73-33CEA865FCC1}"
EndProject
Project("{9A19103F-16F7-4668-BE54-9A1E7A4F7556}") = "Identity.Services", "Services\Identity\Identity.Services\Identity.Services.csproj", "{D22D0456-36E7-4545-B23A-E11D4323F00E}"
EndProject
Project("{9A19103F-16F7-4668-BE54-9A1E7A4F7556}") = "Provider.Infrastructure", "Services\Provider\Provider.Infrastructure\Provider.Infrastructure.csproj", "{BA83127C-13DF-4A52-9A5E-F276D2B1A72F}"
EndProject
Project("{2150E333-8FDC-42A3-9474-1A3956D46DE8}") = "Infrastructure", "Infrastructure", "{E09B5380-4698-4F82-A1CB-E93C7E99F1F3}"
EndProject
Project("{9A19103F-16F7-4668-BE54-9A1E7A4F7556}") = "Ordering.DTOs", "Services\Ordering\Ordering.DTOs\Ordering.DTOs.csproj", "{315DD9DB-A9B4-4736-A37B-DAFDF285477B}"
EndProject
Project("{9A19103F-16F7-4668-BE54-9A1E7A4F7556}") = "Ordering.Services", "Services\Ordering\Ordering.Services\Ordering.Services.csproj", "{01DFE2F7-562F-4006-96CF-1CE34FA48AB2}"
EndProject
Project("{2150E333-8FDC-42A3-9474-1A3956D46DE8}") = "Services", "Services", "{63962D41-8EC1-4721-8B9D-85F02A64A301}"
EndProject
Project("{9A19103F-16F7-4668-BE54-9A1E7A4F7556}") = "Mervi.Services", "Common\Services\Mervi.Services\Mervi.Services.csproj", "{71FB0E0A-BAB7-4B91-9498-22E7962C0BC5}"
EndProject
Project("{9A19103F-16F7-4668-BE54-9A1E7A4F7556}") = "Mervi.Infrastructure", "Common\DDD\Infrastructure\Mervi.Infrastructure\Mervi.Infrastructure.csproj", "{7E7A583D-3103-403F-8E44-46296A6082DF}"
EndProject
Project("{FAE04EC0-301F-11D3-BF4B-00C04F79EFBC}") = "Provider.DTOs", "Services\Provider\Provider.DTOs\Provider.DTOs.csproj", "{792BD67E-439D-4A1B-87CA-975E3D13D832}"
EndProject
Project("{FAE04EC0-301F-11D3-BF4B-00C04F79EFBC}") = "Provider.Services", "Services\Provider\Provider.Services\Provider.Services.csproj", "{06B46A00-F2B3-458F-832A-9DC926564CEA}"
EndProject
Global
	GlobalSection(SolutionConfigurationPlatforms) = preSolution
		Debug|Any CPU = Debug|Any CPU
		Release|Any CPU = Release|Any CPU
	EndGlobalSection
	GlobalSection(ProjectConfigurationPlatforms) = postSolution
		{102780D5-A16E-4588-B502-4128DA90C4EE}.Debug|Any CPU.ActiveCfg = Debug|Any CPU
		{102780D5-A16E-4588-B502-4128DA90C4EE}.Debug|Any CPU.Build.0 = Debug|Any CPU
		{102780D5-A16E-4588-B502-4128DA90C4EE}.Release|Any CPU.ActiveCfg = Release|Any CPU
		{102780D5-A16E-4588-B502-4128DA90C4EE}.Release|Any CPU.Build.0 = Release|Any CPU
		{A1C4C932-B264-4F93-A379-380D46EF0693}.Debug|Any CPU.ActiveCfg = Debug|Any CPU
		{A1C4C932-B264-4F93-A379-380D46EF0693}.Debug|Any CPU.Build.0 = Debug|Any CPU
		{A1C4C932-B264-4F93-A379-380D46EF0693}.Release|Any CPU.ActiveCfg = Release|Any CPU
		{A1C4C932-B264-4F93-A379-380D46EF0693}.Release|Any CPU.Build.0 = Release|Any CPU
		{49B66E22-DD4C-4366-9209-D114E87D360C}.Debug|Any CPU.ActiveCfg = Debug|Any CPU
		{49B66E22-DD4C-4366-9209-D114E87D360C}.Debug|Any CPU.Build.0 = Debug|Any CPU
		{49B66E22-DD4C-4366-9209-D114E87D360C}.Release|Any CPU.ActiveCfg = Release|Any CPU
		{49B66E22-DD4C-4366-9209-D114E87D360C}.Release|Any CPU.Build.0 = Release|Any CPU
		{DE7F235E-83F8-46FB-AA99-C97A98A13A97}.Debug|Any CPU.ActiveCfg = Debug|Any CPU
		{DE7F235E-83F8-46FB-AA99-C97A98A13A97}.Debug|Any CPU.Build.0 = Debug|Any CPU
		{DE7F235E-83F8-46FB-AA99-C97A98A13A97}.Release|Any CPU.ActiveCfg = Release|Any CPU
		{DE7F235E-83F8-46FB-AA99-C97A98A13A97}.Release|Any CPU.Build.0 = Release|Any CPU
		{66F3092D-B638-4768-BCA8-EDD4637112D5}.Debug|Any CPU.ActiveCfg = Debug|Any CPU
		{66F3092D-B638-4768-BCA8-EDD4637112D5}.Debug|Any CPU.Build.0 = Debug|Any CPU
		{66F3092D-B638-4768-BCA8-EDD4637112D5}.Release|Any CPU.ActiveCfg = Release|Any CPU
		{66F3092D-B638-4768-BCA8-EDD4637112D5}.Release|Any CPU.Build.0 = Release|Any CPU
		{20C42947-397B-44CE-87D9-ABACE30C53B6}.Debug|Any CPU.ActiveCfg = Debug|Any CPU
		{20C42947-397B-44CE-87D9-ABACE30C53B6}.Debug|Any CPU.Build.0 = Debug|Any CPU
		{20C42947-397B-44CE-87D9-ABACE30C53B6}.Release|Any CPU.ActiveCfg = Release|Any CPU
		{20C42947-397B-44CE-87D9-ABACE30C53B6}.Release|Any CPU.Build.0 = Release|Any CPU
		{1338ACF6-88A2-491A-A371-D67E3B22D70B}.Debug|Any CPU.ActiveCfg = Debug|Any CPU
		{1338ACF6-88A2-491A-A371-D67E3B22D70B}.Debug|Any CPU.Build.0 = Debug|Any CPU
		{1338ACF6-88A2-491A-A371-D67E3B22D70B}.Release|Any CPU.ActiveCfg = Release|Any CPU
		{1338ACF6-88A2-491A-A371-D67E3B22D70B}.Release|Any CPU.Build.0 = Release|Any CPU
		{EE2C6F24-A70C-4556-A770-3A860E3F70A0}.Debug|Any CPU.ActiveCfg = Debug|Any CPU
		{EE2C6F24-A70C-4556-A770-3A860E3F70A0}.Debug|Any CPU.Build.0 = Debug|Any CPU
		{EE2C6F24-A70C-4556-A770-3A860E3F70A0}.Release|Any CPU.ActiveCfg = Release|Any CPU
		{EE2C6F24-A70C-4556-A770-3A860E3F70A0}.Release|Any CPU.Build.0 = Release|Any CPU
		{2924AE3C-A8BA-4F37-8870-4205E7C4C3CA}.Debug|Any CPU.ActiveCfg = Debug|Any CPU
		{2924AE3C-A8BA-4F37-8870-4205E7C4C3CA}.Debug|Any CPU.Build.0 = Debug|Any CPU
		{2924AE3C-A8BA-4F37-8870-4205E7C4C3CA}.Release|Any CPU.ActiveCfg = Release|Any CPU
		{2924AE3C-A8BA-4F37-8870-4205E7C4C3CA}.Release|Any CPU.Build.0 = Release|Any CPU
		{4319D592-82B6-41F1-B63B-97E13819F667}.Debug|Any CPU.ActiveCfg = Debug|Any CPU
		{4319D592-82B6-41F1-B63B-97E13819F667}.Debug|Any CPU.Build.0 = Debug|Any CPU
		{4319D592-82B6-41F1-B63B-97E13819F667}.Release|Any CPU.ActiveCfg = Release|Any CPU
		{4319D592-82B6-41F1-B63B-97E13819F667}.Release|Any CPU.Build.0 = Release|Any CPU
		{0F3899F7-C977-4870-B951-8A0E46CAD71C}.Debug|Any CPU.ActiveCfg = Debug|Any CPU
		{0F3899F7-C977-4870-B951-8A0E46CAD71C}.Debug|Any CPU.Build.0 = Debug|Any CPU
		{0F3899F7-C977-4870-B951-8A0E46CAD71C}.Release|Any CPU.ActiveCfg = Release|Any CPU
		{0F3899F7-C977-4870-B951-8A0E46CAD71C}.Release|Any CPU.Build.0 = Release|Any CPU
		{56DFCBCC-8AAF-4E31-9055-9F05A9F98FD8}.Debug|Any CPU.ActiveCfg = Debug|Any CPU
		{56DFCBCC-8AAF-4E31-9055-9F05A9F98FD8}.Debug|Any CPU.Build.0 = Debug|Any CPU
		{56DFCBCC-8AAF-4E31-9055-9F05A9F98FD8}.Release|Any CPU.ActiveCfg = Release|Any CPU
		{56DFCBCC-8AAF-4E31-9055-9F05A9F98FD8}.Release|Any CPU.Build.0 = Release|Any CPU
		{6E63B564-D08D-4F92-AF85-B202F6E486B0}.Debug|Any CPU.ActiveCfg = Debug|Any CPU
		{6E63B564-D08D-4F92-AF85-B202F6E486B0}.Debug|Any CPU.Build.0 = Debug|Any CPU
		{6E63B564-D08D-4F92-AF85-B202F6E486B0}.Release|Any CPU.ActiveCfg = Release|Any CPU
		{6E63B564-D08D-4F92-AF85-B202F6E486B0}.Release|Any CPU.Build.0 = Release|Any CPU
		{A02F3EA4-AF58-4361-B46B-F71CCC0B6445}.Debug|Any CPU.ActiveCfg = Debug|Any CPU
		{A02F3EA4-AF58-4361-B46B-F71CCC0B6445}.Debug|Any CPU.Build.0 = Debug|Any CPU
		{A02F3EA4-AF58-4361-B46B-F71CCC0B6445}.Release|Any CPU.ActiveCfg = Release|Any CPU
		{A02F3EA4-AF58-4361-B46B-F71CCC0B6445}.Release|Any CPU.Build.0 = Release|Any CPU
		{A7971D25-5A60-4BF6-9E32-FAD7782E68B1}.Debug|Any CPU.ActiveCfg = Debug|Any CPU
		{A7971D25-5A60-4BF6-9E32-FAD7782E68B1}.Debug|Any CPU.Build.0 = Debug|Any CPU
		{A7971D25-5A60-4BF6-9E32-FAD7782E68B1}.Release|Any CPU.ActiveCfg = Release|Any CPU
		{A7971D25-5A60-4BF6-9E32-FAD7782E68B1}.Release|Any CPU.Build.0 = Release|Any CPU
		{336A5013-0861-4C2B-8ECF-C1C074E3A5F5}.Debug|Any CPU.ActiveCfg = Debug|Any CPU
		{336A5013-0861-4C2B-8ECF-C1C074E3A5F5}.Debug|Any CPU.Build.0 = Debug|Any CPU
		{336A5013-0861-4C2B-8ECF-C1C074E3A5F5}.Release|Any CPU.ActiveCfg = Release|Any CPU
		{336A5013-0861-4C2B-8ECF-C1C074E3A5F5}.Release|Any CPU.Build.0 = Release|Any CPU
		{1DE4ADB5-FF10-4C5D-8D5D-7406D8A69DE9}.Debug|Any CPU.ActiveCfg = Debug|Any CPU
		{1DE4ADB5-FF10-4C5D-8D5D-7406D8A69DE9}.Debug|Any CPU.Build.0 = Debug|Any CPU
		{1DE4ADB5-FF10-4C5D-8D5D-7406D8A69DE9}.Release|Any CPU.ActiveCfg = Release|Any CPU
		{1DE4ADB5-FF10-4C5D-8D5D-7406D8A69DE9}.Release|Any CPU.Build.0 = Release|Any CPU
		{900FFA7C-5763-4B25-A9B2-2F75AC7966CA}.Debug|Any CPU.ActiveCfg = Debug|Any CPU
		{900FFA7C-5763-4B25-A9B2-2F75AC7966CA}.Debug|Any CPU.Build.0 = Debug|Any CPU
		{900FFA7C-5763-4B25-A9B2-2F75AC7966CA}.Release|Any CPU.ActiveCfg = Release|Any CPU
		{900FFA7C-5763-4B25-A9B2-2F75AC7966CA}.Release|Any CPU.Build.0 = Release|Any CPU
		{E268379F-A477-4560-A159-37459704E046}.Debug|Any CPU.ActiveCfg = Debug|Any CPU
		{E268379F-A477-4560-A159-37459704E046}.Debug|Any CPU.Build.0 = Debug|Any CPU
		{E268379F-A477-4560-A159-37459704E046}.Release|Any CPU.ActiveCfg = Release|Any CPU
		{E268379F-A477-4560-A159-37459704E046}.Release|Any CPU.Build.0 = Release|Any CPU
		{9BEE686F-7862-43BC-AD73-33CEA865FCC1}.Debug|Any CPU.ActiveCfg = Debug|Any CPU
		{9BEE686F-7862-43BC-AD73-33CEA865FCC1}.Debug|Any CPU.Build.0 = Debug|Any CPU
		{9BEE686F-7862-43BC-AD73-33CEA865FCC1}.Release|Any CPU.ActiveCfg = Release|Any CPU
		{9BEE686F-7862-43BC-AD73-33CEA865FCC1}.Release|Any CPU.Build.0 = Release|Any CPU
		{D22D0456-36E7-4545-B23A-E11D4323F00E}.Debug|Any CPU.ActiveCfg = Debug|Any CPU
		{D22D0456-36E7-4545-B23A-E11D4323F00E}.Debug|Any CPU.Build.0 = Debug|Any CPU
		{D22D0456-36E7-4545-B23A-E11D4323F00E}.Release|Any CPU.ActiveCfg = Release|Any CPU
		{D22D0456-36E7-4545-B23A-E11D4323F00E}.Release|Any CPU.Build.0 = Release|Any CPU
		{BA83127C-13DF-4A52-9A5E-F276D2B1A72F}.Debug|Any CPU.ActiveCfg = Debug|Any CPU
		{BA83127C-13DF-4A52-9A5E-F276D2B1A72F}.Debug|Any CPU.Build.0 = Debug|Any CPU
		{BA83127C-13DF-4A52-9A5E-F276D2B1A72F}.Release|Any CPU.ActiveCfg = Release|Any CPU
		{BA83127C-13DF-4A52-9A5E-F276D2B1A72F}.Release|Any CPU.Build.0 = Release|Any CPU
		{315DD9DB-A9B4-4736-A37B-DAFDF285477B}.Debug|Any CPU.ActiveCfg = Debug|Any CPU
		{315DD9DB-A9B4-4736-A37B-DAFDF285477B}.Debug|Any CPU.Build.0 = Debug|Any CPU
		{315DD9DB-A9B4-4736-A37B-DAFDF285477B}.Release|Any CPU.ActiveCfg = Release|Any CPU
		{315DD9DB-A9B4-4736-A37B-DAFDF285477B}.Release|Any CPU.Build.0 = Release|Any CPU
		{01DFE2F7-562F-4006-96CF-1CE34FA48AB2}.Debug|Any CPU.ActiveCfg = Debug|Any CPU
		{01DFE2F7-562F-4006-96CF-1CE34FA48AB2}.Debug|Any CPU.Build.0 = Debug|Any CPU
		{01DFE2F7-562F-4006-96CF-1CE34FA48AB2}.Release|Any CPU.ActiveCfg = Release|Any CPU
		{01DFE2F7-562F-4006-96CF-1CE34FA48AB2}.Release|Any CPU.Build.0 = Release|Any CPU
		{71FB0E0A-BAB7-4B91-9498-22E7962C0BC5}.Debug|Any CPU.ActiveCfg = Debug|Any CPU
		{71FB0E0A-BAB7-4B91-9498-22E7962C0BC5}.Debug|Any CPU.Build.0 = Debug|Any CPU
		{71FB0E0A-BAB7-4B91-9498-22E7962C0BC5}.Release|Any CPU.ActiveCfg = Release|Any CPU
		{71FB0E0A-BAB7-4B91-9498-22E7962C0BC5}.Release|Any CPU.Build.0 = Release|Any CPU
		{7E7A583D-3103-403F-8E44-46296A6082DF}.Debug|Any CPU.ActiveCfg = Debug|Any CPU
		{7E7A583D-3103-403F-8E44-46296A6082DF}.Debug|Any CPU.Build.0 = Debug|Any CPU
		{7E7A583D-3103-403F-8E44-46296A6082DF}.Release|Any CPU.ActiveCfg = Release|Any CPU
		{7E7A583D-3103-403F-8E44-46296A6082DF}.Release|Any CPU.Build.0 = Release|Any CPU
		{792BD67E-439D-4A1B-87CA-975E3D13D832}.Debug|Any CPU.ActiveCfg = Debug|Any CPU
		{792BD67E-439D-4A1B-87CA-975E3D13D832}.Debug|Any CPU.Build.0 = Debug|Any CPU
		{792BD67E-439D-4A1B-87CA-975E3D13D832}.Release|Any CPU.ActiveCfg = Release|Any CPU
		{792BD67E-439D-4A1B-87CA-975E3D13D832}.Release|Any CPU.Build.0 = Release|Any CPU
		{06B46A00-F2B3-458F-832A-9DC926564CEA}.Debug|Any CPU.ActiveCfg = Debug|Any CPU
		{06B46A00-F2B3-458F-832A-9DC926564CEA}.Debug|Any CPU.Build.0 = Debug|Any CPU
		{06B46A00-F2B3-458F-832A-9DC926564CEA}.Release|Any CPU.ActiveCfg = Release|Any CPU
		{06B46A00-F2B3-458F-832A-9DC926564CEA}.Release|Any CPU.Build.0 = Release|Any CPU
	EndGlobalSection
	GlobalSection(SolutionProperties) = preSolution
		HideSolutionNode = FALSE
	EndGlobalSection
	GlobalSection(NestedProjects) = preSolution
		{EBF137FD-0002-4997-AB86-2EF4A7DABE5B} = {20CC1ECC-A4D9-4B65-9DFF-0E6B192B37B2}
		{102780D5-A16E-4588-B502-4128DA90C4EE} = {EBF137FD-0002-4997-AB86-2EF4A7DABE5B}
		{A1C4C932-B264-4F93-A379-380D46EF0693} = {EBF137FD-0002-4997-AB86-2EF4A7DABE5B}
		{49B66E22-DD4C-4366-9209-D114E87D360C} = {EBF137FD-0002-4997-AB86-2EF4A7DABE5B}
		{FDF652C9-5CCB-40EF-81D7-283B04B71C90} = {20CC1ECC-A4D9-4B65-9DFF-0E6B192B37B2}
		{DE7F235E-83F8-46FB-AA99-C97A98A13A97} = {FDF652C9-5CCB-40EF-81D7-283B04B71C90}
		{DB1C2627-2CC2-4AE7-B551-4671326C60CA} = {DA44BF29-CD21-41AC-A070-F7E8230F6FBC}
		{DA44BF29-CD21-41AC-A070-F7E8230F6FBC} = {91E0ABB7-C267-458C-8423-E565E37543E0}
		{66F3092D-B638-4768-BCA8-EDD4637112D5} = {DB1C2627-2CC2-4AE7-B551-4671326C60CA}
		{20C42947-397B-44CE-87D9-ABACE30C53B6} = {B78D3DE8-C1CC-48D7-9D09-CFF0314B5F97}
		{B78D3DE8-C1CC-48D7-9D09-CFF0314B5F97} = {91E0ABB7-C267-458C-8423-E565E37543E0}
		{1338ACF6-88A2-491A-A371-D67E3B22D70B} = {B78D3DE8-C1CC-48D7-9D09-CFF0314B5F97}
		{EE2C6F24-A70C-4556-A770-3A860E3F70A0} = {FDF652C9-5CCB-40EF-81D7-283B04B71C90}
		{CBCEBD32-3410-4D02-9071-82B96347FF7B} = {20CC1ECC-A4D9-4B65-9DFF-0E6B192B37B2}
		{4319D592-82B6-41F1-B63B-97E13819F667} = {CBCEBD32-3410-4D02-9071-82B96347FF7B}
		{0F3899F7-C977-4870-B951-8A0E46CAD71C} = {CBCEBD32-3410-4D02-9071-82B96347FF7B}
		{56DFCBCC-8AAF-4E31-9055-9F05A9F98FD8} = {CBCEBD32-3410-4D02-9071-82B96347FF7B}
		{6E63B564-D08D-4F92-AF85-B202F6E486B0} = {CBCEBD32-3410-4D02-9071-82B96347FF7B}
		{A02F3EA4-AF58-4361-B46B-F71CCC0B6445} = {CBCEBD32-3410-4D02-9071-82B96347FF7B}
		{F1B99893-0F85-4100-8AAF-C1EE8137A368} = {CBF88BEB-55FE-48E5-BB1D-8781D3782F9B}
		{CE3269FB-8469-4995-85FB-4A5C491D5388} = {F1B99893-0F85-4100-8AAF-C1EE8137A368}
		{A7971D25-5A60-4BF6-9E32-FAD7782E68B1} = {CE3269FB-8469-4995-85FB-4A5C491D5388}
		{336A5013-0861-4C2B-8ECF-C1C074E3A5F5} = {CE3269FB-8469-4995-85FB-4A5C491D5388}
		{3C226AB0-9817-42D0-AEC5-D34704428E40} = {20CC1ECC-A4D9-4B65-9DFF-0E6B192B37B2}
		{1DE4ADB5-FF10-4C5D-8D5D-7406D8A69DE9} = {3C226AB0-9817-42D0-AEC5-D34704428E40}
		{900FFA7C-5763-4B25-A9B2-2F75AC7966CA} = {3C226AB0-9817-42D0-AEC5-D34704428E40}
		{E268379F-A477-4560-A159-37459704E046} = {3C226AB0-9817-42D0-AEC5-D34704428E40}
		{9BEE686F-7862-43BC-AD73-33CEA865FCC1} = {3C226AB0-9817-42D0-AEC5-D34704428E40}
		{D22D0456-36E7-4545-B23A-E11D4323F00E} = {3C226AB0-9817-42D0-AEC5-D34704428E40}
		{BA83127C-13DF-4A52-9A5E-F276D2B1A72F} = {FDF652C9-5CCB-40EF-81D7-283B04B71C90}
		{E09B5380-4698-4F82-A1CB-E93C7E99F1F3} = {DA44BF29-CD21-41AC-A070-F7E8230F6FBC}
		{315DD9DB-A9B4-4736-A37B-DAFDF285477B} = {EBF137FD-0002-4997-AB86-2EF4A7DABE5B}
		{01DFE2F7-562F-4006-96CF-1CE34FA48AB2} = {EBF137FD-0002-4997-AB86-2EF4A7DABE5B}
		{63962D41-8EC1-4721-8B9D-85F02A64A301} = {91E0ABB7-C267-458C-8423-E565E37543E0}
		{71FB0E0A-BAB7-4B91-9498-22E7962C0BC5} = {63962D41-8EC1-4721-8B9D-85F02A64A301}
		{7E7A583D-3103-403F-8E44-46296A6082DF} = {E09B5380-4698-4F82-A1CB-E93C7E99F1F3}
		{792BD67E-439D-4A1B-87CA-975E3D13D832} = {FDF652C9-5CCB-40EF-81D7-283B04B71C90}
		{06B46A00-F2B3-458F-832A-9DC926564CEA} = {FDF652C9-5CCB-40EF-81D7-283B04B71C90}
	EndGlobalSection
	GlobalSection(ExtensibilityGlobals) = postSolution
		SolutionGuid = {90379277-71A7-47DA-8ADA-06EE397048AA}
	EndGlobalSection
EndGlobal
